
Microsoft Visual Studio Solution File, Format Version 12.00
# Visual Studio Version 17
VisualStudioVersion = 17.3.32901.215
MinimumVisualStudioVersion = 10.0.40219.1
Project("{FAE04EC0-301F-11D3-BF4B-00C04F79EFBC}") = "assignemnt database 2.0", "assignemnt database 2.0\assignemnt database 2.0.csproj", "{066FD176-D729-400C-AE93-DA9B2BE82D78}"
EndProject
Global
	GlobalSection(SolutionConfigurationPlatforms) = preSolution
		Debug|Any CPU = Debug|Any CPU
		Release|Any CPU = Release|Any CPU
	EndGlobalSection
	GlobalSection(ProjectConfigurationPlatforms) = postSolution
		{066FD176-D729-400C-AE93-DA9B2BE82D78}.Debug|Any CPU.ActiveCfg = Debug|Any CPU
		{066FD176-D729-400C-AE93-DA9B2BE82D78}.Debug|Any CPU.Build.0 = Debug|Any CPU
		{066FD176-D729-400C-AE93-DA9B2BE82D78}.Release|Any CPU.ActiveCfg = Release|Any CPU
		{066FD176-D729-400C-AE93-DA9B2BE82D78}.Release|Any CPU.Build.0 = Release|Any CPU
	EndGlobalSection
	GlobalSection(SolutionProperties) = preSolution
		HideSolutionNode = FALSE
	EndGlobalSection
	GlobalSection(ExtensibilityGlobals) = postSolution
		SolutionGuid = {78AFE715-743C-44DE-A2DB-9B6EDDA14778}
	EndGlobalSection
EndGlobal
